
Microsoft Visual Studio Solution File, Format Version 12.00
# Visual Studio Version 17
VisualStudioVersion = 17.5.33502.453
MinimumVisualStudioVersion = 10.0.40219.1
Project("{FAE04EC0-301F-11D3-BF4B-00C04F79EFBC}") = "Theatre", "Theatre\Theatre.csproj", "{AA4C094B-9B5E-4D5E-9D77-CCB6C9F01A97}"
EndProject
Global
	GlobalSection(SolutionConfigurationPlatforms) = preSolution
		Debug|Any CPU = Debug|Any CPU
		Release|Any CPU = Release|Any CPU
	EndGlobalSection
	GlobalSection(ProjectConfigurationPlatforms) = postSolution
		{AA4C094B-9B5E-4D5E-9D77-CCB6C9F01A97}.Debug|Any CPU.ActiveCfg = Debug|Any CPU
		{AA4C094B-9B5E-4D5E-9D77-CCB6C9F01A97}.Debug|Any CPU.Build.0 = Debug|Any CPU
		{AA4C094B-9B5E-4D5E-9D77-CCB6C9F01A97}.Release|Any CPU.ActiveCfg = Release|Any CPU
		{AA4C094B-9B5E-4D5E-9D77-CCB6C9F01A97}.Release|Any CPU.Build.0 = Release|Any CPU
	EndGlobalSection
	GlobalSection(SolutionProperties) = preSolution
		HideSolutionNode = FALSE
	EndGlobalSection
	GlobalSection(ExtensibilityGlobals) = postSolution
		SolutionGuid = {5D705C71-6D31-4E55-99F4-245CA6D6F8D3}
	EndGlobalSection
EndGlobal
